<?xml version="1.0" encoding="utf-8"?>
<Project ToolsVersion="4.0" xmlns="http://schemas.microsoft.com/developer/msbuild/2003">
  <ItemGroup>
    <Filter Include="Source Files">
      <UniqueIdentifier>{4FC737F1-C7A5-4376-A066-2A32D752A2FF}</UniqueIdentifier>
      <Extensions>cpp;c;cc;cxx;def;odl;idl;hpj;bat;asm;asmx</Extensions>
    </Filter>
    <Filter Include="Header Files">
      <UniqueIdentifier>{93995380-89BD-4b04-88EB-625FBE52EBFB}</UniqueIdentifier>
      <Extensions>h;hh;hpp;hxx;hm;inl;inc;xsd</Extensions>
    </Filter>
    <Filter Include="Resource Files">
      <UniqueIdentifier>{67DA6AB6-F800-4c08-8B7A-83BB121AAD01}</UniqueIdentifier>
      <Extensions>rc;ico;cur;bmp;dlg;rc2;rct;bin;rgs;gif;jpg;jpeg;jpe;resx;tiff;tif;png;wav;mfcribbon-ms</Extensions>
    </Filter>
  </ItemGroup>
  <ItemGroup>
    <ClInclude Include="stdafx.h">
      <Filter>Header Files</Filter>
    </ClInclude>
    <ClInclude Include="AVLogMsgFormat.h">
      <Filter>Header Files</Filter>
    </ClInclude>
    <ClInclude Include="AVLogSimple.h">
      <Filter>Header Files</Filter>
    </ClInclude>
    <ClInclude Include="AVMacros.h">
      <Filter>Header Files</Filter>
    </ClInclude>
    <ClInclude Include="AVNotifyBase.h">
      <Filter>Header Files</Filter>
    </ClInclude>
    <ClInclude Include="AVObject.h">
      <Filter>Header Files</Filter>
    </ClInclude>
    <ClInclude Include="AVPreprocessorRepeatJoin.h">
      <Filter>Header Files</Filter>
    </ClInclude>
    <ClInclude Include="AVRefCounter.h">
      <Filter>Header Files</Filter>
    </ClInclude>
    <ClInclude Include="AVTimer.h">
      <Filter>Header Files</Filter>
    </ClInclude>
    <ClInclude Include="AVWeakBase.h">
      <Filter>Header Files</Filter>
    </ClInclude>
    <ClInclude Include="DelegateW.h">
      <Filter>Header Files</Filter>
    </ClInclude>
    <ClInclude Include="DelegateW_N.h">
      <Filter>Header Files</Filter>
    </ClInclude>
    <ClInclude Include="DelegateW_N1.h">
      <Filter>Header Files</Filter>
    </ClInclude>
    <ClInclude Include="DelegateWCaller.h">
      <Filter>Header Files</Filter>
    </ClInclude>
    <ClInclude Include="DelegateWCaller_Default.h">
      <Filter>Header Files</Filter>
    </ClInclude>
    <ClInclude Include="DelegateWCaller_Simple.h">
      <Filter>Header Files</Filter>
    </ClInclude>
    <ClInclude Include="DelegateWDeferredCall.h">
      <Filter>Header Files</Filter>
    </ClInclude>
    <ClInclude Include="DelegateWDeferredCall_N.h">
      <Filter>Header Files</Filter>
    </ClInclude>
    <ClInclude Include="ErrorPool.h">
      <Filter>Header Files</Filter>
    </ClInclude>
    <ClInclude Include="IpcCall.h">
      <Filter>Header Files</Filter>
    </ClInclude>
    <ClInclude Include="IpcCallBindlObj.h">
      <Filter>Header Files</Filter>
    </ClInclude>
    <ClInclude Include="IpcCallBindlObjN1.h">
      <Filter>Header Files</Filter>
    </ClInclude>
    <ClInclude Include="IpcCallBindlObjN2.h">
      <Filter>Header Files</Filter>
    </ClInclude>
    <ClInclude Include="IpcCallBindlObjN3.h">
      <Filter>Header Files</Filter>
    </ClInclude>
    <ClInclude Include="IpcCallBindlObjN4.h">
      <Filter>Header Files</Filter>
    </ClInclude>
    <ClInclude Include="IpcCallDataStream.h">
      <Filter>Header Files</Filter>
    </ClInclude>
    <ClInclude Include="IpcCallPacket.h">
      <Filter>Header Files</Filter>
    </ClInclude>
    <ClInclude Include="IpcCallTransport.h">
      <Filter>Header Files</Filter>
    </ClInclude>
    <ClInclude Include="IpcDelegateGeneral.h">
      <Filter>Header Files</Filter>
    </ClInclude>
    <ClInclude Include="LinkedList.h">
      <Filter>Header Files</Filter>
    </ClInclude>
    <ClInclude Include="OPtr.h">
      <Filter>Header Files</Filter>
    </ClInclude>
    <ClInclude Include="SO.h">
      <Filter>Header Files</Filter>
    </ClInclude>
    <ClInclude Include="SO_N.h">
      <Filter>Header Files</Filter>
    </ClInclude>
    <ClInclude Include="SOW.h">
      <Filter>Header Files</Filter>
    </ClInclude>
    <ClInclude Include="SOW_N.h">
      <Filter>Header Files</Filter>
    </ClInclude>
    <ClInclude Include="ThreadLocalStoregePtr.h">
      <Filter>Header Files</Filter>
    </ClInclude>
    <ClInclude Include="WPtr.h">
      <Filter>Header Files</Filter>
    </ClInclude>
    <ClInclude Include="WPtrShared.h">
      <Filter>Header Files</Filter>
    </ClInclude>
    <ClInclude Include="XPtrBase.h">
      <Filter>Header Files</Filter>
    </ClInclude>
    <ClInclude Include="AtomicInt.h">
      <Filter>Header Files</Filter>
    </ClInclude>
    <ClInclude Include="AVCompilerSpecific.h">
      <Filter>Header Files</Filter>
    </ClInclude>
    <ClInclude Include="AVInternal_NS.h">
      <Filter>Header Files</Filter>
    </ClInclude>
    <ClInclude Include="AVLog.h">
      <Filter>Header Files</Filter>
    </ClInclude>
    <ClInclude Include="AVLogMsg.h">
      <Filter>Header Files</Filter>
    </ClInclude>
    <ClInclude Include="EventgateW.h">
      <Filter>Header Files</Filter>
    </ClInclude>
    <ClInclude Include="FunctgateW.h">
      <Filter>Header Files</Filter>
    </ClInclude>
    <ClInclude Include="LockInt.h">
      <Filter>Header Files</Filter>
    </ClInclude>
    <ClInclude Include="SynchroLockSection.h">
      <Filter>Header Files</Filter>
    </ClInclude>
    <ClInclude Include="AVPlatformSpecific.h">
      <Filter>Header Files</Filter>
    </ClInclude>
  </ItemGroup>
  <ItemGroup>
    <ClCompile Include="stdafx.cpp">
      <Filter>Source Files</Filter>
    </ClCompile>
    <ClCompile Include="AVLogMsgFormat.cpp">
      <Filter>Source Files</Filter>
    </ClCompile>
    <ClCompile Include="AVLogSimple.cpp">
      <Filter>Source Files</Filter>
    </ClCompile>
    <ClCompile Include="AVNotifyBase.cpp">
      <Filter>Source Files</Filter>
    </ClCompile>
    <ClCompile Include="AVRefCounter.cpp">
      <Filter>Source Files</Filter>
    </ClCompile>
    <ClCompile Include="AVTimer.cpp">
      <Filter>Source Files</Filter>
    </ClCompile>
    <ClCompile Include="AVWeakBase.cpp">
      <Filter>Source Files</Filter>
    </ClCompile>
    <ClCompile Include="DelegateW.cpp">
      <Filter>Source Files</Filter>
    </ClCompile>
    <ClCompile Include="DelegateWCaller.cpp">
      <Filter>Source Files</Filter>
    </ClCompile>
    <ClCompile Include="DelegateWCaller_Default.cpp">
      <Filter>Source Files</Filter>
    </ClCompile>
    <ClCompile Include="DelegateWCaller_Simple.cpp">
      <Filter>Source Files</Filter>
    </ClCompile>
    <ClCompile Include="ErrorPool.cpp">
      <Filter>Source Files</Filter>
    </ClCompile>
    <ClCompile Include="IpcCall.cpp">
      <Filter>Source Files</Filter>
    </ClCompile>
    <ClCompile Include="IpcCallBindlObj.cpp">
      <Filter>Source Files</Filter>
    </ClCompile>
    <ClCompile Include="IpcCallDataStream.cpp">
      <Filter>Source Files</Filter>
    </ClCompile>
    <ClCompile Include="IpcCallPacket.cpp">
      <Filter>Source Files</Filter>
    </ClCompile>
    <ClCompile Include="XPtrBase.cpp">
      <Filter>Source Files</Filter>
    </ClCompile>
    <ClCompile Include="AVLog.cpp">
      <Filter>Source Files</Filter>
    </ClCompile>
    <ClCompile Include="AVLogMsg.cpp">
      <Filter>Source Files</Filter>
    </ClCompile>
    <ClCompile Include="LockInt.cpp">
      <Filter>Source Files</Filter>
    </ClCompile>
    <ClCompile Include="SynchroLockSection.cpp">
      <Filter>Source Files</Filter>
    </ClCompile>
    <ClCompile Include="AVPlatformSpecific.cpp">
      <Filter>Source Files</Filter>
    </ClCompile>
  </ItemGroup>
</Project>